
Microsoft Visual Studio Solution File, Format Version 12.00
# Visual Studio Version 16
VisualStudioVersion = 16.0.31205.134
MinimumVisualStudioVersion = 10.0.40219.1
Project("{8BC9CEB8-8B4A-11D0-8D11-00A0C91BC942}") = "FSY", "FSY\FSY.vcxproj", "{91E94B30-BB20-4887-A142-B09538C26E6E}"
EndProject
Project("{8BC9CEB8-8B4A-11D0-8D11-00A0C91BC942}") = "App", "App\App.vcxproj", "{6730A566-A7C3-4E1B-83E1-DEAB6639A88F}"
EndProject
Global
	GlobalSection(SolutionConfigurationPlatforms) = preSolution
		Debug|x64 = Debug|x64
		Release|x64 = Release|x64
	EndGlobalSection
	GlobalSection(ProjectConfigurationPlatforms) = postSolution
		{91E94B30-BB20-4887-A142-B09538C26E6E}.Debug|x64.ActiveCfg = Debug|x64
		{91E94B30-BB20-4887-A142-B09538C26E6E}.Debug|x64.Build.0 = Debug|x64
		{91E94B30-BB20-4887-A142-B09538C26E6E}.Release|x64.ActiveCfg = Release|x64
		{91E94B30-BB20-4887-A142-B09538C26E6E}.Release|x64.Build.0 = Release|x64
		{6730A566-A7C3-4E1B-83E1-DEAB6639A88F}.Debug|x64.ActiveCfg = Debug|x64
		{6730A566-A7C3-4E1B-83E1-DEAB6639A88F}.Debug|x64.Build.0 = Debug|x64
		{6730A566-A7C3-4E1B-83E1-DEAB6639A88F}.Release|x64.ActiveCfg = Release|x64
		{6730A566-A7C3-4E1B-83E1-DEAB6639A88F}.Release|x64.Build.0 = Release|x64
	EndGlobalSection
	GlobalSection(SolutionProperties) = preSolution
		HideSolutionNode = FALSE
	EndGlobalSection
	GlobalSection(ExtensibilityGlobals) = postSolution
		SolutionGuid = {9611DE2A-1118-4955-991D-9B4784C0D1A0}
	EndGlobalSection
EndGlobal
